{
    "requires": true,
    "lockfileVersion": 1,
    "dependencies": {
        "@ckeditor/ckeditor5-clipboard": {
            "version": "41.3.1",
            "resolved": "https://registry.npmjs.org/@ckeditor/ckeditor5-clipboard/-/ckeditor5-clipboard-41.3.1.tgz",
            "integrity": "sha512-6S7tq6FlnHYZmPACeqdf135Jx2bTKHVY8mHQ+CHC8ZZu0XVm62vVeeSLS2IcdtYmHjf4ced1G7suTUBHlfBCLw==",
            "requires": {
                "@ckeditor/ckeditor5-core": "41.3.1",
                "@ckeditor/ckeditor5-engine": "41.3.1",
                "@ckeditor/ckeditor5-ui": "41.3.1",
                "@ckeditor/ckeditor5-utils": "41.3.1",
                "@ckeditor/ckeditor5-widget": "41.3.1",
                "lodash-es": "4.17.21"
            }
        },
        "@ckeditor/ckeditor5-core": {
            "version": "41.3.1",
            "resolved": "https://registry.npmjs.org/@ckeditor/ckeditor5-core/-/ckeditor5-core-41.3.1.tgz",
            "integrity": "sha512-h+PgPtCpS2vjO3HbKMYtddRPW+B3AJx9qpixmHJnUZMiFCmRjUZjXATjpi3j+kSQISs4L2Yghq+lsAQxyGHb+A==",
            "requires": {
                "@ckeditor/ckeditor5-engine": "41.3.1",
                "@ckeditor/ckeditor5-utils": "41.3.1",
                "lodash-es": "4.17.21"
            }
        },
        "@ckeditor/ckeditor5-engine": {
            "version": "41.3.1",
            "resolved": "https://registry.npmjs.org/@ckeditor/ckeditor5-engine/-/ckeditor5-engine-41.3.1.tgz",
            "integrity": "sha512-Me4cnkCrknDH50db/jPczuhgzaxUhHbkh2gv8N8Ypken9ZnOPvMD9W1gCFFTLaxikpPmBQwk3u1BSjOKk3r6kw==",
            "requires": {
                "@ckeditor/ckeditor5-utils": "41.3.1",
                "lodash-es": "4.17.21"
            }
        },
        "@ckeditor/ckeditor5-enter": {
            "version": "41.3.1",
            "resolved": "https://registry.npmjs.org/@ckeditor/ckeditor5-enter/-/ckeditor5-enter-41.3.1.tgz",
            "integrity": "sha512-iwhvJpfsutqcv/bf8QPMKhMolb7GtShaOT+UIDW3OXjMZaBKZOTyR8OceijwgBmZeillTaXQq9y2e9lbJd46xg==",
            "requires": {
                "@ckeditor/ckeditor5-core": "41.3.1",
                "@ckeditor/ckeditor5-engine": "41.3.1",
                "@ckeditor/ckeditor5-utils": "41.3.1"
            }
        },
        "@ckeditor/ckeditor5-image": {
            "version": "41.3.1",
            "resolved": "https://registry.npmjs.org/@ckeditor/ckeditor5-image/-/ckeditor5-image-41.3.1.tgz",
            "integrity": "sha512-v8lcXET3TDP/yPKhdUCmIcukMQ6GNdTyVAjkTip5JhVKFv8bFWBp5Xn616L6T+8OeQ6DggF9QVGcskmTiGQv7g==",
            "requires": {
                "@ckeditor/ckeditor5-ui": "41.3.1",
                "ckeditor5": "41.3.1",
                "lodash-es": "4.17.21"
            }
        },
        "@ckeditor/ckeditor5-paragraph": {
            "version": "41.3.1",
            "resolved": "https://registry.npmjs.org/@ckeditor/ckeditor5-paragraph/-/ckeditor5-paragraph-41.3.1.tgz",
            "integrity": "sha512-weRPLyO/1Z8PpU9+lET4gYgJ8adDuCjYiREup81URSuS1DDQ8vb3D29xA+4Ov7lwg8BaNAMCpTBdp07GHHzv6w==",
            "requires": {
                "@ckeditor/ckeditor5-core": "41.3.1",
                "@ckeditor/ckeditor5-ui": "41.3.1",
                "@ckeditor/ckeditor5-utils": "41.3.1"
            }
        },
        "@ckeditor/ckeditor5-select-all": {
            "version": "41.3.1",
            "resolved": "https://registry.npmjs.org/@ckeditor/ckeditor5-select-all/-/ckeditor5-select-all-41.3.1.tgz",
            "integrity": "sha512-a/LAPO+O9fwHjQ/8s3UNtyrqQRieAnpnPw2IhLlGqOS7nxPKMR2vkb6WnG2LUdO+wYqkCzxUDpBlfVkjkQEI0w==",
            "requires": {
                "@ckeditor/ckeditor5-core": "41.3.1",
                "@ckeditor/ckeditor5-ui": "41.3.1",
                "@ckeditor/ckeditor5-utils": "41.3.1"
            }
        },
        "@ckeditor/ckeditor5-style": {
            "version": "41.3.1",
            "resolved": "https://registry.npmjs.org/@ckeditor/ckeditor5-style/-/ckeditor5-style-41.3.1.tgz",
            "integrity": "sha512-4/ksG7By29KawADgMPZRSB+dFR2ii8KhmqjYJWE6TimA/+jEoJqJrMoxy7LRkWNZB93pQiJZjgIdsOLQeVhgDw==",
            "requires": {
                "ckeditor5": "41.3.1",
                "lodash-es": "4.17.21"
            }
        },
        "@ckeditor/ckeditor5-typing": {
            "version": "41.3.1",
            "resolved": "https://registry.npmjs.org/@ckeditor/ckeditor5-typing/-/ckeditor5-typing-41.3.1.tgz",
            "integrity": "sha512-4Oeafc3if6fTITOest1ILQ573fnkzE9/tn5eNm3zWnHVYR79mRCYxaha9yUlKVQiqaxZ48EVo2FjHiouXmn9+Q==",
            "requires": {
                "@ckeditor/ckeditor5-core": "41.3.1",
                "@ckeditor/ckeditor5-engine": "41.3.1",
                "@ckeditor/ckeditor5-utils": "41.3.1",
                "lodash-es": "4.17.21"
            }
        },
        "@ckeditor/ckeditor5-ui": {
            "version": "41.3.1",
            "resolved": "https://registry.npmjs.org/@ckeditor/ckeditor5-ui/-/ckeditor5-ui-41.3.1.tgz",
            "integrity": "sha512-xN7OAiRp7ALKYXUp6Qe/AjkjrhyLuoz9nxq7Jdsnsyb/XXfsXDloMcOuvNRoUgr4gIFHMOoZZxsIn8qegBvcYA==",
            "requires": {
                "@ckeditor/ckeditor5-core": "41.3.1",
                "@ckeditor/ckeditor5-utils": "41.3.1",
                "color-convert": "2.0.1",
                "color-parse": "1.4.2",
                "lodash-es": "4.17.21",
                "vanilla-colorful": "0.7.2"
            }
        },
        "@ckeditor/ckeditor5-undo": {
            "version": "41.3.1",
            "resolved": "https://registry.npmjs.org/@ckeditor/ckeditor5-undo/-/ckeditor5-undo-41.3.1.tgz",
            "integrity": "sha512-PElWTnlIwuQ94mvdhuH7Mno99oocSnOWPMHi9UuWe6+zVgznQwn0f0diBZvX3l5y8hFgK6q/pQ/CCmbvvYnovA==",
            "requires": {
                "@ckeditor/ckeditor5-core": "41.3.1",
                "@ckeditor/ckeditor5-engine": "41.3.1",
                "@ckeditor/ckeditor5-ui": "41.3.1"
            }
        },
        "@ckeditor/ckeditor5-upload": {
            "version": "41.3.1",
            "resolved": "https://registry.npmjs.org/@ckeditor/ckeditor5-upload/-/ckeditor5-upload-41.3.1.tgz",
            "integrity": "sha512-ugTgGEgA9qsSl5+qptTmawdfYaONr6b3uTG4byZ76JMdf0qiniZjBF/TtGAVmBkCipcVWFoaZKteiz0fhQMHjA==",
            "requires": {
                "@ckeditor/ckeditor5-core": "41.3.1",
                "@ckeditor/ckeditor5-utils": "41.3.1"
            }
        },
        "@ckeditor/ckeditor5-utils": {
            "version": "41.3.1",
            "resolved": "https://registry.npmjs.org/@ckeditor/ckeditor5-utils/-/ckeditor5-utils-41.3.1.tgz",
            "integrity": "sha512-jJu9ndn6Y7+ffBYdDCRXX7OnV9Ddgms2HSF1pmhjZN0uoL96XworuUOn8hx3Zs/KBPjJEwbtYWJMjG9aohrgaQ==",
            "requires": {
                "lodash-es": "4.17.21"
            }
        },
        "@ckeditor/ckeditor5-watchdog": {
            "version": "41.3.1",
            "resolved": "https://registry.npmjs.org/@ckeditor/ckeditor5-watchdog/-/ckeditor5-watchdog-41.3.1.tgz",
            "integrity": "sha512-iDwdYxC8euSKxfRq4y5vVOX9GVUbEbC9z6glkXpxa1BogqYh39+fywjt+s4o3Ub3b8FJ/EUYuNc+/vK+CzEg4g==",
            "requires": {
                "lodash-es": "4.17.21"
            }
        },
        "@ckeditor/ckeditor5-widget": {
            "version": "41.3.1",
            "resolved": "https://registry.npmjs.org/@ckeditor/ckeditor5-widget/-/ckeditor5-widget-41.3.1.tgz",
            "integrity": "sha512-rdBxGS3bxWNhp+yxyBYkcbRV6/mdTDab+konDVhZ/ME1jVZ5cf8OBZcgHUqAxzuWt4XMEdzKINbo1OnSDwApUg==",
            "requires": {
                "@ckeditor/ckeditor5-core": "41.3.1",
                "@ckeditor/ckeditor5-engine": "41.3.1",
                "@ckeditor/ckeditor5-enter": "41.3.1",
                "@ckeditor/ckeditor5-typing": "41.3.1",
                "@ckeditor/ckeditor5-ui": "41.3.1",
                "@ckeditor/ckeditor5-utils": "41.3.1",
                "lodash-es": "4.17.21"
            }
        },
        "ckeditor5": {
            "version": "41.3.1",
            "resolved": "https://registry.npmjs.org/ckeditor5/-/ckeditor5-41.3.1.tgz",
            "integrity": "sha512-pBK1YZV9Sy4R53XG70TEeLFOvTFC7tg8AmS6d6zizegtwkH8seblkcERkykcNuvmfzZ/2h9JbafJ4kisZOwiUQ==",
            "requires": {
                "@ckeditor/ckeditor5-clipboard": "41.3.1",
                "@ckeditor/ckeditor5-core": "41.3.1",
                "@ckeditor/ckeditor5-engine": "41.3.1",
                "@ckeditor/ckeditor5-enter": "41.3.1",
                "@ckeditor/ckeditor5-paragraph": "41.3.1",
                "@ckeditor/ckeditor5-select-all": "41.3.1",
                "@ckeditor/ckeditor5-typing": "41.3.1",
                "@ckeditor/ckeditor5-ui": "41.3.1",
                "@ckeditor/ckeditor5-undo": "41.3.1",
                "@ckeditor/ckeditor5-upload": "41.3.1",
                "@ckeditor/ckeditor5-utils": "41.3.1",
                "@ckeditor/ckeditor5-watchdog": "41.3.1",
                "@ckeditor/ckeditor5-widget": "41.3.1"
            }
        },
        "color-convert": {
            "version": "2.0.1",
            "resolved": "https://registry.npmjs.org/color-convert/-/color-convert-2.0.1.tgz",
            "integrity": "sha512-RRECPsj7iu/xb5oKYcsFHSppFNnsj/52OVTRKb4zP5onXwVF3zVmmToNcOfGC+CRDpfK/U584fMg38ZHCaElKQ==",
            "requires": {
                "color-name": "~1.1.4"
            }
        },
        "color-name": {
            "version": "1.1.4",
            "resolved": "https://registry.npmjs.org/color-name/-/color-name-1.1.4.tgz",
            "integrity": "sha512-dOy+3AuW3a2wNbZHIuMZpTcgjGuLU/uBL/ubcZF9OXbDo8ff4O8yVp5Bf0efS8uEoYo5q4Fx7dY9OgQGXgAsQA=="
        },
        "color-parse": {
            "version": "1.4.2",
            "resolved": "https://registry.npmjs.org/color-parse/-/color-parse-1.4.2.tgz",
            "integrity": "sha512-RI7s49/8yqDj3fECFZjUI1Yi0z/Gq1py43oNJivAIIDSyJiOZLfYCRQEgn8HEVAj++PcRe8AnL2XF0fRJ3BTnA==",
            "requires": {
                "color-name": "^1.0.0"
            }
        },
        "datatables.net": {
            "version": "1.13.8",
            "resolved": "https://registry.npmjs.org/datatables.net/-/datatables.net-1.13.8.tgz",
            "integrity": "sha512-2pDamr+GUwPTby2OgriVB9dR9ftFKD2AQyiuCXzZIiG4d9KkKFQ7gqPfNmG7uj9Tc5kDf+rGj86do4LAb/V71g==",
            "requires": {
                "jquery": ">=1.7"
            }
        },
        "datatables.net-bs4": {
            "version": "1.13.8",
            "resolved": "https://registry.npmjs.org/datatables.net-bs4/-/datatables.net-bs4-1.13.8.tgz",
            "integrity": "sha512-9LQ4UMb28balB2xK9MhxbsDjUzAUjc0bNjxvtkysdMbb9FhNOTDkmt1I4ZzfiJiDMN8CH1vzZsgCh835LkX7SQ==",
            "requires": {
                "datatables.net": "1.13.8",
                "jquery": ">=1.7"
            }
        },
        "jquery": {
            "version": "3.7.1",
            "resolved": "https://registry.npmjs.org/jquery/-/jquery-3.7.1.tgz",
            "integrity": "sha512-m4avr8yL8kmFN8psrbFFFmB/If14iN5o9nw/NgnnM+kybDJpRsAynV2BsfpTYrTRysYUdADVD7CkUUizgkpLfg=="
        },
        "jscolor": {
            "version": "0.3.0",
            "resolved": "https://registry.npmjs.org/jscolor/-/jscolor-0.3.0.tgz",
            "integrity": "sha512-b+lnArwwIknmcAvswfL9vDeaQP/TDNWafaWD8zl6itpBUnO3PgQTjkl0zVvkoI116+au+njPFVlhWpywE7mA8Q=="
        },
        "lodash-es": {
            "version": "4.17.21",
            "resolved": "https://registry.npmjs.org/lodash-es/-/lodash-es-4.17.21.tgz",
            "integrity": "sha512-mKnC+QJ9pWVzv+C4/U3rRsHapFfHvQFoFB92e52xeyGMcX6/OlIl78je1u8vePzYZSkkogMPJ2yjxxsb89cxyw=="
        },
        "vanilla-colorful": {
            "version": "0.7.2",
            "resolved": "https://registry.npmjs.org/vanilla-colorful/-/vanilla-colorful-0.7.2.tgz",
            "integrity": "sha512-z2YZusTFC6KnLERx1cgoIRX2CjPRP0W75N+3CC6gbvdX5Ch47rZkEMGO2Xnf+IEmi3RiFLxS18gayMA27iU7Kg=="
        }
    }
}
