{
    "requires": true,
    "lockfileVersion": 1,
    "dependencies": {
        "datatables.net": {
            "version": "1.13.8",
            "resolved": "https://registry.npmjs.org/datatables.net/-/datatables.net-1.13.8.tgz",
            "integrity": "sha512-2pDamr+GUwPTby2OgriVB9dR9ftFKD2AQyiuCXzZIiG4d9KkKFQ7gqPfNmG7uj9Tc5kDf+rGj86do4LAb/V71g==",
            "requires": {
                "jquery": ">=1.7"
            }
        },
        "datatables.net-bs4": {
            "version": "1.13.8",
            "resolved": "https://registry.npmjs.org/datatables.net-bs4/-/datatables.net-bs4-1.13.8.tgz",
            "integrity": "sha512-9LQ4UMb28balB2xK9MhxbsDjUzAUjc0bNjxvtkysdMbb9FhNOTDkmt1I4ZzfiJiDMN8CH1vzZsgCh835LkX7SQ==",
            "requires": {
                "datatables.net": "1.13.8",
                "jquery": ">=1.7"
            }
        },
        "jquery": {
            "version": "3.7.1",
            "resolved": "https://registry.npmjs.org/jquery/-/jquery-3.7.1.tgz",
            "integrity": "sha512-m4avr8yL8kmFN8psrbFFFmB/If14iN5o9nw/NgnnM+kybDJpRsAynV2BsfpTYrTRysYUdADVD7CkUUizgkpLfg=="
        },
        "jscolor": {
            "version": "0.3.0",
            "resolved": "https://registry.npmjs.org/jscolor/-/jscolor-0.3.0.tgz",
            "integrity": "sha512-b+lnArwwIknmcAvswfL9vDeaQP/TDNWafaWD8zl6itpBUnO3PgQTjkl0zVvkoI116+au+njPFVlhWpywE7mA8Q=="
        }
    }
}
